
Microsoft Visual Studio Solution File, Format Version 12.00
# Visual Studio Version 16
VisualStudioVersion = 16.0.31702.278
MinimumVisualStudioVersion = 10.0.40219.1
Project("{9A19103F-16F7-4668-BE54-9A1E7A4F7556}") = "The Bank of Cardinal", "The Bank of Cardinal\The Bank of Cardinal.csproj", "{B0406C43-D75D-4BB3-9DFF-F8C5C5DAE6EA}"
EndProject
Global
	GlobalSection(SolutionConfigurationPlatforms) = preSolution
		Debug|Any CPU = Debug|Any CPU
		Release|Any CPU = Release|Any CPU
	EndGlobalSection
	GlobalSection(ProjectConfigurationPlatforms) = postSolution
		{B0406C43-D75D-4BB3-9DFF-F8C5C5DAE6EA}.Debug|Any CPU.ActiveCfg = Debug|Any CPU
		{B0406C43-D75D-4BB3-9DFF-F8C5C5DAE6EA}.Debug|Any CPU.Build.0 = Debug|Any CPU
		{B0406C43-D75D-4BB3-9DFF-F8C5C5DAE6EA}.Release|Any CPU.ActiveCfg = Release|Any CPU
		{B0406C43-D75D-4BB3-9DFF-F8C5C5DAE6EA}.Release|Any CPU.Build.0 = Release|Any CPU
	EndGlobalSection
	GlobalSection(SolutionProperties) = preSolution
		HideSolutionNode = FALSE
	EndGlobalSection
	GlobalSection(ExtensibilityGlobals) = postSolution
		SolutionGuid = {522024E9-9D95-4375-97CA-F28840436040}
	EndGlobalSection
EndGlobal
